// !$*UTF8*$!
{
	archiveVersion = 1;
	classes = {
	};
	objectVersion = 50;
	objects = {

/* Begin PBXBuildFile section */
		87E9394F214B5F45001DD817 /* AppDelegate.swift in Sources */ = {isa = PBXBuildFile; fileRef = 87E9394E214B5F45001DD817 /* AppDelegate.swift */; };
		87E93951214B5F45001DD817 /* ViewController.swift in Sources */ = {isa = PBXBuildFile; fileRef = 87E93950214B5F45001DD817 /* ViewController.swift */; };
		87E93954214B5F45001DD817 /* Main.storyboard in Resources */ = {isa = PBXBuildFile; fileRef = 87E93952214B5F45001DD817 /* Main.storyboard */; };
		87E93956214B5F4A001DD817 /* Assets.xcassets in Resources */ = {isa = PBXBuildFile; fileRef = 87E93955214B5F4A001DD817 /* Assets.xcassets */; };
		87E93959214B5F4A001DD817 /* LaunchScreen.storyboard in Resources */ = {isa = PBXBuildFile; fileRef = 87E93957214B5F4A001DD817 /* LaunchScreen.storyboard */; };
		87E93964214B5F4A001DD817 /* LeetCodeTests.swift in Sources */ = {isa = PBXBuildFile; fileRef = 87E93963214B5F4A001DD817 /* LeetCodeTests.swift */; };
		87E9396F214B5F4A001DD817 /* LeetCodeUITests.swift in Sources */ = {isa = PBXBuildFile; fileRef = 87E9396E214B5F4A001DD817 /* LeetCodeUITests.swift */; };
		87E9397E214BA322001DD817 /* AddTwoNumbers.swift in Sources */ = {isa = PBXBuildFile; fileRef = 87E9397D214BA322001DD817 /* AddTwoNumbers.swift */; };
		87E93980214BA6D0001DD817 /* LongestSubstringWithoutRepeatingCharacters.swift in Sources */ = {isa = PBXBuildFile; fileRef = 87E9397F214BA6D0001DD817 /* LongestSubstringWithoutRepeatingCharacters.swift */; };
		87E93982214BA703001DD817 /* TwoSum.swift in Sources */ = {isa = PBXBuildFile; fileRef = 87E93981214BA703001DD817 /* TwoSum.swift */; };
/* End PBXBuildFile section */

/* Begin PBXContainerItemProxy section */
		87E93960214B5F4A001DD817 /* PBXContainerItemProxy */ = {
			isa = PBXContainerItemProxy;
			containerPortal = 87E93943214B5F45001DD817 /* Project object */;
			proxyType = 1;
			remoteGlobalIDString = 87E9394A214B5F45001DD817;
			remoteInfo = LeetCode;
		};
		87E9396B214B5F4A001DD817 /* PBXContainerItemProxy */ = {
			isa = PBXContainerItemProxy;
			containerPortal = 87E93943214B5F45001DD817 /* Project object */;
			proxyType = 1;
			remoteGlobalIDString = 87E9394A214B5F45001DD817;
			remoteInfo = LeetCode;
		};
/* End PBXContainerItemProxy section */

/* Begin PBXFileReference section */
		87E9394B214B5F45001DD817 /* LeetCode.app */ = {isa = PBXFileReference; explicitFileType = wrapper.application; includeInIndex = 0; path = LeetCode.app; sourceTree = BUILT_PRODUCTS_DIR; };
		87E9394E214B5F45001DD817 /* AppDelegate.swift */ = {isa = PBXFileReference; lastKnownFileType = sourcecode.swift; path = AppDelegate.swift; sourceTree = "<group>"; };
		87E93950214B5F45001DD817 /* ViewController.swift */ = {isa = PBXFileReference; lastKnownFileType = sourcecode.swift; path = ViewController.swift; sourceTree = "<group>"; };
		87E93953214B5F45001DD817 /* Base */ = {isa = PBXFileReference; lastKnownFileType = file.storyboard; name = Base; path = Base.lproj/Main.storyboard; sourceTree = "<group>"; };
		87E93955214B5F4A001DD817 /* Assets.xcassets */ = {isa = PBXFileReference; lastKnownFileType = folder.assetcatalog; path = Assets.xcassets; sourceTree = "<group>"; };
		87E93958214B5F4A001DD817 /* Base */ = {isa = PBXFileReference; lastKnownFileType = file.storyboard; name = Base; path = Base.lproj/LaunchScreen.storyboard; sourceTree = "<group>"; };
		87E9395A214B5F4A001DD817 /* Info.plist */ = {isa = PBXFileReference; lastKnownFileType = text.plist.xml; path = Info.plist; sourceTree = "<group>"; };
		87E9395F214B5F4A001DD817 /* LeetCodeTests.xctest */ = {isa = PBXFileReference; explicitFileType = wrapper.cfbundle; includeInIndex = 0; path = LeetCodeTests.xctest; sourceTree = BUILT_PRODUCTS_DIR; };
		87E93963214B5F4A001DD817 /* LeetCodeTests.swift */ = {isa = PBXFileReference; lastKnownFileType = sourcecode.swift; path = LeetCodeTests.swift; sourceTree = "<group>"; };
		87E93965214B5F4A001DD817 /* Info.plist */ = {isa = PBXFileReference; lastKnownFileType = text.plist.xml; path = Info.plist; sourceTree = "<group>"; };
		87E9396A214B5F4A001DD817 /* LeetCodeUITests.xctest */ = {isa = PBXFileReference; explicitFileType = wrapper.cfbundle; includeInIndex = 0; path = LeetCodeUITests.xctest; sourceTree = BUILT_PRODUCTS_DIR; };
		87E9396E214B5F4A001DD817 /* LeetCodeUITests.swift */ = {isa = PBXFileReference; lastKnownFileType = sourcecode.swift; path = LeetCodeUITests.swift; sourceTree = "<group>"; };
		87E93970214B5F4A001DD817 /* Info.plist */ = {isa = PBXFileReference; lastKnownFileType = text.plist.xml; path = Info.plist; sourceTree = "<group>"; };
		87E9397D214BA322001DD817 /* AddTwoNumbers.swift */ = {isa = PBXFileReference; lastKnownFileType = sourcecode.swift; path = AddTwoNumbers.swift; sourceTree = "<group>"; };
		87E9397F214BA6D0001DD817 /* LongestSubstringWithoutRepeatingCharacters.swift */ = {isa = PBXFileReference; lastKnownFileType = sourcecode.swift; path = LongestSubstringWithoutRepeatingCharacters.swift; sourceTree = "<group>"; };
		87E93981214BA703001DD817 /* TwoSum.swift */ = {isa = PBXFileReference; lastKnownFileType = sourcecode.swift; path = TwoSum.swift; sourceTree = "<group>"; };
/* End PBXFileReference section */

/* Begin PBXFrameworksBuildPhase section */
		87E93948214B5F45001DD817 /* Frameworks */ = {
			isa = PBXFrameworksBuildPhase;
			buildActionMask = 2147483647;
			files = (
			);
			runOnlyForDeploymentPostprocessing = 0;
		};
		87E9395C214B5F4A001DD817 /* Frameworks */ = {
			isa = PBXFrameworksBuildPhase;
			buildActionMask = 2147483647;
			files = (
			);
			runOnlyForDeploymentPostprocessing = 0;
		};
		87E93967214B5F4A001DD817 /* Frameworks */ = {
			isa = PBXFrameworksBuildPhase;
			buildActionMask = 2147483647;
			files = (
			);
			runOnlyForDeploymentPostprocessing = 0;
		};
/* End PBXFrameworksBuildPhase section */

/* Begin PBXGroup section */
		87E93942214B5F45001DD817 = {
			isa = PBXGroup;
			children = (
				87E9394D214B5F45001DD817 /* LeetCode */,
				87E93962214B5F4A001DD817 /* LeetCodeTests */,
				87E9396D214B5F4A001DD817 /* LeetCodeUITests */,
				87E9394C214B5F45001DD817 /* Products */,
			);
			sourceTree = "<group>";
		};
		87E9394C214B5F45001DD817 /* Products */ = {
			isa = PBXGroup;
			children = (
				87E9394B214B5F45001DD817 /* LeetCode.app */,
				87E9395F214B5F4A001DD817 /* LeetCodeTests.xctest */,
				87E9396A214B5F4A001DD817 /* LeetCodeUITests.xctest */,
			);
			name = Products;
			sourceTree = "<group>";
		};
		87E9394D214B5F45001DD817 /* LeetCode */ = {
			isa = PBXGroup;
			children = (
				87E9397C214BA1E4001DD817 /* Code */,
				87E9394E214B5F45001DD817 /* AppDelegate.swift */,
				87E93950214B5F45001DD817 /* ViewController.swift */,
				87E93952214B5F45001DD817 /* Main.storyboard */,
				87E93955214B5F4A001DD817 /* Assets.xcassets */,
				87E93957214B5F4A001DD817 /* LaunchScreen.storyboard */,
				87E9395A214B5F4A001DD817 /* Info.plist */,
			);
			path = LeetCode;
			sourceTree = "<group>";
		};
		87E93962214B5F4A001DD817 /* LeetCodeTests */ = {
			isa = PBXGroup;
			children = (
				87E93963214B5F4A001DD817 /* LeetCodeTests.swift */,
				87E93965214B5F4A001DD817 /* Info.plist */,
			);
			path = LeetCodeTests;
			sourceTree = "<group>";
		};
		87E9396D214B5F4A001DD817 /* LeetCodeUITests */ = {
			isa = PBXGroup;
			children = (
				87E9396E214B5F4A001DD817 /* LeetCodeUITests.swift */,
				87E93970214B5F4A001DD817 /* Info.plist */,
			);
			path = LeetCodeUITests;
			sourceTree = "<group>";
		};
		87E9397C214BA1E4001DD817 /* Code */ = {
			isa = PBXGroup;
			children = (
				87E93981214BA703001DD817 /* TwoSum.swift */,
				87E9397D214BA322001DD817 /* AddTwoNumbers.swift */,
				87E9397F214BA6D0001DD817 /* LongestSubstringWithoutRepeatingCharacters.swift */,
			);
			path = Code;
			sourceTree = "<group>";
		};
/* End PBXGroup section */

/* Begin PBXNativeTarget section */
		87E9394A214B5F45001DD817 /* LeetCode */ = {
			isa = PBXNativeTarget;
			buildConfigurationList = 87E93973214B5F4A001DD817 /* Build configuration list for PBXNativeTarget "LeetCode" */;
			buildPhases = (
				87E93947214B5F45001DD817 /* Sources */,
				87E93948214B5F45001DD817 /* Frameworks */,
				87E93949214B5F45001DD817 /* Resources */,
			);
			buildRules = (
			);
			dependencies = (
			);
			name = LeetCode;
			productName = LeetCode;
			productReference = 87E9394B214B5F45001DD817 /* LeetCode.app */;
			productType = "com.apple.product-type.application";
		};
		87E9395E214B5F4A001DD817 /* LeetCodeTests */ = {
			isa = PBXNativeTarget;
			buildConfigurationList = 87E93976214B5F4A001DD817 /* Build configuration list for PBXNativeTarget "LeetCodeTests" */;
			buildPhases = (
				87E9395B214B5F4A001DD817 /* Sources */,
				87E9395C214B5F4A001DD817 /* Frameworks */,
				87E9395D214B5F4A001DD817 /* Resources */,
			);
			buildRules = (
			);
			dependencies = (
				87E93961214B5F4A001DD817 /* PBXTargetDependency */,
			);
			name = LeetCodeTests;
			productName = LeetCodeTests;
			productReference = 87E9395F214B5F4A001DD817 /* LeetCodeTests.xctest */;
			productType = "com.apple.product-type.bundle.unit-test";
		};
		87E93969214B5F4A001DD817 /* LeetCodeUITests */ = {
			isa = PBXNativeTarget;
			buildConfigurationList = 87E93979214B5F4A001DD817 /* Build configuration list for PBXNativeTarget "LeetCodeUITests" */;
			buildPhases = (
				87E93966214B5F4A001DD817 /* Sources */,
				87E93967214B5F4A001DD817 /* Frameworks */,
				87E93968214B5F4A001DD817 /* Resources */,
			);
			buildRules = (
			);
			dependencies = (
				87E9396C214B5F4A001DD817 /* PBXTargetDependency */,
			);
			name = LeetCodeUITests;
			productName = LeetCodeUITests;
			productReference = 87E9396A214B5F4A001DD817 /* LeetCodeUITests.xctest */;
			productType = "com.apple.product-type.bundle.ui-testing";
		};
/* End PBXNativeTarget section */

/* Begin PBXProject section */
		87E93943214B5F45001DD817 /* Project object */ = {
			isa = PBXProject;
			attributes = {
				LastSwiftUpdateCheck = 0940;
				LastUpgradeCheck = 0940;
				ORGANIZATIONNAME = ZWX;
				TargetAttributes = {
					87E9394A214B5F45001DD817 = {
						CreatedOnToolsVersion = 9.4.1;
					};
					87E9395E214B5F4A001DD817 = {
						CreatedOnToolsVersion = 9.4.1;
						TestTargetID = 87E9394A214B5F45001DD817;
					};
					87E93969214B5F4A001DD817 = {
						CreatedOnToolsVersion = 9.4.1;
						TestTargetID = 87E9394A214B5F45001DD817;
					};
				};
			};
			buildConfigurationList = 87E93946214B5F45001DD817 /* Build configuration list for PBXProject "LeetCode" */;
			compatibilityVersion = "Xcode 9.3";
			developmentRegion = en;
			hasScannedForEncodings = 0;
			knownRegions = (
				en,
				Base,
			);
			mainGroup = 87E93942214B5F45001DD817;
			productRefGroup = 87E9394C214B5F45001DD817 /* Products */;
			projectDirPath = "";
			projectRoot = "";
			targets = (
				87E9394A214B5F45001DD817 /* LeetCode */,
				87E9395E214B5F4A001DD817 /* LeetCodeTests */,
				87E93969214B5F4A001DD817 /* LeetCodeUITests */,
			);
		};
/* End PBXProject section */

/* Begin PBXResourcesBuildPhase section */
		87E93949214B5F45001DD817 /* Resources */ = {
			isa = PBXResourcesBuildPhase;
			buildActionMask = 2147483647;
			files = (
				87E93959214B5F4A001DD817 /* LaunchScreen.storyboard in Resources */,
				87E93956214B5F4A001DD817 /* Assets.xcassets in Resources */,
				87E93954214B5F45001DD817 /* Main.storyboard in Resources */,
			);
			runOnlyForDeploymentPostprocessing = 0;
		};
		87E9395D214B5F4A001DD817 /* Resources */ = {
			isa = PBXResourcesBuildPhase;
			buildActionMask = 2147483647;
			files = (
			);
			runOnlyForDeploymentPostprocessing = 0;
		};
		87E93968214B5F4A001DD817 /* Resources */ = {
			isa = PBXResourcesBuildPhase;
			buildActionMask = 2147483647;
			files = (
			);
			runOnlyForDeploymentPostprocessing = 0;
		};
/* End PBXResourcesBuildPhase section */

/* Begin PBXSourcesBuildPhase section */
		87E93947214B5F45001DD817 /* Sources */ = {
			isa = PBXSourcesBuildPhase;
			buildActionMask = 2147483647;
			files = (
				87E93982214BA703001DD817 /* TwoSum.swift in Sources */,
				87E9397E214BA322001DD817 /* AddTwoNumbers.swift in Sources */,
				87E93951214B5F45001DD817 /* ViewController.swift in Sources */,
				87E9394F214B5F45001DD817 /* AppDelegate.swift in Sources */,
				87E93980214BA6D0001DD817 /* LongestSubstringWithoutRepeatingCharacters.swift in Sources */,
			);
			runOnlyForDeploymentPostprocessing = 0;
		};
		87E9395B214B5F4A001DD817 /* Sources */ = {
			isa = PBXSourcesBuildPhase;
			buildActionMask = 2147483647;
			files = (
				87E93964214B5F4A001DD817 /* LeetCodeTests.swift in Sources */,
			);
			runOnlyForDeploymentPostprocessing = 0;
		};
		87E93966214B5F4A001DD817 /* Sources */ = {
			isa = PBXSourcesBuildPhase;
			buildActionMask = 2147483647;
			files = (
				87E9396F214B5F4A001DD817 /* LeetCodeUITests.swift in Sources */,
			);
			runOnlyForDeploymentPostprocessing = 0;
		};
/* End PBXSourcesBuildPhase section */

/* Begin PBXTargetDependency section */
		87E93961214B5F4A001DD817 /* PBXTargetDependency */ = {
			isa = PBXTargetDependency;
			target = 87E9394A214B5F45001DD817 /* LeetCode */;
			targetProxy = 87E93960214B5F4A001DD817 /* PBXContainerItemProxy */;
		};
		87E9396C214B5F4A001DD817 /* PBXTargetDependency */ = {
			isa = PBXTargetDependency;
			target = 87E9394A214B5F45001DD817 /* LeetCode */;
			targetProxy = 87E9396B214B5F4A001DD817 /* PBXContainerItemProxy */;
		};
/* End PBXTargetDependency section */

/* Begin PBXVariantGroup section */
		87E93952214B5F45001DD817 /* Main.storyboard */ = {
			isa = PBXVariantGroup;
			children = (
				87E93953214B5F45001DD817 /* Base */,
			);
			name = Main.storyboard;
			sourceTree = "<group>";
		};
		87E93957214B5F4A001DD817 /* LaunchScreen.storyboard */ = {
			isa = PBXVariantGroup;
			children = (
				87E93958214B5F4A001DD817 /* Base */,
			);
			name = LaunchScreen.storyboard;
			sourceTree = "<group>";
		};
/* End PBXVariantGroup section */

/* Begin XCBuildConfiguration section */
		87E93971214B5F4A001DD817 /* Debug */ = {
			isa = XCBuildConfiguration;
			buildSettings = {
				ALWAYS_SEARCH_USER_PATHS = NO;
				CLANG_ANALYZER_NONNULL = YES;
				CLANG_ANALYZER_NUMBER_OBJECT_CONVERSION = YES_AGGRESSIVE;
				CLANG_CXX_LANGUAGE_STANDARD = "gnu++14";
				CLANG_CXX_LIBRARY = "libc++";
				CLANG_ENABLE_MODULES = YES;
				CLANG_ENABLE_OBJC_ARC = YES;
				CLANG_ENABLE_OBJC_WEAK = YES;
				CLANG_WARN_BLOCK_CAPTURE_AUTORELEASING = YES;
				CLANG_WARN_BOOL_CONVERSION = YES;
				CLANG_WARN_COMMA = YES;
				CLANG_WARN_CONSTANT_CONVERSION = YES;
				CLANG_WARN_DEPRECATED_OBJC_IMPLEMENTATIONS = YES;
				CLANG_WARN_DIRECT_OBJC_ISA_USAGE = YES_ERROR;
				CLANG_WARN_DOCUMENTATION_COMMENTS = YES;
				CLANG_WARN_EMPTY_BODY = YES;
				CLANG_WARN_ENUM_CONVERSION = YES;
				CLANG_WARN_INFINITE_RECURSION = YES;
				CLANG_WARN_INT_CONVERSION = YES;
				CLANG_WARN_NON_LITERAL_NULL_CONVERSION = YES;
				CLANG_WARN_OBJC_IMPLICIT_RETAIN_SELF = YES;
				CLANG_WARN_OBJC_LITERAL_CONVERSION = YES;
				CLANG_WARN_OBJC_ROOT_CLASS = YES_ERROR;
				CLANG_WARN_RANGE_LOOP_ANALYSIS = YES;
				CLANG_WARN_STRICT_PROTOTYPES = YES;
				CLANG_WARN_SUSPICIOUS_MOVE = YES;
				CLANG_WARN_UNGUARDED_AVAILABILITY = YES_AGGRESSIVE;
				CLANG_WARN_UNREACHABLE_CODE = YES;
				CLANG_WARN__DUPLICATE_METHOD_MATCH = YES;
				CODE_SIGN_IDENTITY = "iPhone Developer";
				COPY_PHASE_STRIP = NO;
				DEBUG_INFORMATION_FORMAT = dwarf;
				ENABLE_STRICT_OBJC_MSGSEND = YES;
				ENABLE_TESTABILITY = YES;
				GCC_C_LANGUAGE_STANDARD = gnu11;
				GCC_DYNAMIC_NO_PIC = NO;
				GCC_NO_COMMON_BLOCKS = YES;
				GCC_OPTIMIZATION_LEVEL = 0;
				GCC_PREPROCESSOR_DEFINITIONS = (
					"DEBUG=1",
					"$(inherited)",
				);
				GCC_WARN_64_TO_32_BIT_CONVERSION = YES;
				GCC_WARN_ABOUT_RETURN_TYPE = YES_ERROR;
				GCC_WARN_UNDECLARED_SELECTOR = YES;
				GCC_WARN_UNINITIALIZED_AUTOS = YES_AGGRESSIVE;
				GCC_WARN_UNUSED_FUNCTION = YES;
				GCC_WARN_UNUSED_VARIABLE = YES;
				IPHONEOS_DEPLOYMENT_TARGET = 11.4;
				MTL_ENABLE_DEBUG_INFO = YES;
				ONLY_ACTIVE_ARCH = YES;
				SDKROOT = iphoneos;
				SWIFT_ACTIVE_COMPILATION_CONDITIONS = DEBUG;
				SWIFT_OPTIMIZATION_LEVEL = "-Onone";
			};
			name = Debug;
		};
		87E93972214B5F4A001DD817 /* Release */ = {
			isa = XCBuildConfiguration;
			buildSettings = {
				ALWAYS_SEARCH_USER_PATHS = NO;
				CLANG_ANALYZER_NONNULL = YES;
				CLANG_ANALYZER_NUMBER_OBJECT_CONVERSION = YES_AGGRESSIVE;
				CLANG_CXX_LANGUAGE_STANDARD = "gnu++14";
				CLANG_CXX_LIBRARY = "libc++";
				CLANG_ENABLE_MODULES = YES;
				CLANG_ENABLE_OBJC_ARC = YES;
				CLANG_ENABLE_OBJC_WEAK = YES;
				CLANG_WARN_BLOCK_CAPTURE_AUTORELEASING = YES;
				CLANG_WARN_BOOL_CONVERSION = YES;
				CLANG_WARN_COMMA = YES;
				CLANG_WARN_CONSTANT_CONVERSION = YES;
				CLANG_WARN_DEPRECATED_OBJC_IMPLEMENTATIONS = YES;
				CLANG_WARN_DIRECT_OBJC_ISA_USAGE = YES_ERROR;
				CLANG_WARN_DOCUMENTATION_COMMENTS = YES;
				CLANG_WARN_EMPTY_BODY = YES;
				CLANG_WARN_ENUM_CONVERSION = YES;
				CLANG_WARN_INFINITE_RECURSION = YES;
				CLANG_WARN_INT_CONVERSION = YES;
				CLANG_WARN_NON_LITERAL_NULL_CONVERSION = YES;
				CLANG_WARN_OBJC_IMPLICIT_RETAIN_SELF = YES;
				CLANG_WARN_OBJC_LITERAL_CONVERSION = YES;
				CLANG_WARN_OBJC_ROOT_CLASS = YES_ERROR;
				CLANG_WARN_RANGE_LOOP_ANALYSIS = YES;
				CLANG_WARN_STRICT_PROTOTYPES = YES;
				CLANG_WARN_SUSPICIOUS_MOVE = YES;
				CLANG_WARN_UNGUARDED_AVAILABILITY = YES_AGGRESSIVE;
				CLANG_WARN_UNREACHABLE_CODE = YES;
				CLANG_WARN__DUPLICATE_METHOD_MATCH = YES;
				CODE_SIGN_IDENTITY = "iPhone Developer";
				COPY_PHASE_STRIP = NO;
				DEBUG_INFORMATION_FORMAT = "dwarf-with-dsym";
				ENABLE_NS_ASSERTIONS = NO;
				ENABLE_STRICT_OBJC_MSGSEND = YES;
				GCC_C_LANGUAGE_STANDARD = gnu11;
				GCC_NO_COMMON_BLOCKS = YES;
				GCC_WARN_64_TO_32_BIT_CONVERSION = YES;
				GCC_WARN_ABOUT_RETURN_TYPE = YES_ERROR;
				GCC_WARN_UNDECLARED_SELECTOR = YES;
				GCC_WARN_UNINITIALIZED_AUTOS = YES_AGGRESSIVE;
				GCC_WARN_UNUSED_FUNCTION = YES;
				GCC_WARN_UNUSED_VARIABLE = YES;
				IPHONEOS_DEPLOYMENT_TARGET = 11.4;
				MTL_ENABLE_DEBUG_INFO = NO;
				SDKROOT = iphoneos;
				SWIFT_COMPILATION_MODE = wholemodule;
				SWIFT_OPTIMIZATION_LEVEL = "-O";
				VALIDATE_PRODUCT = YES;
			};
			name = Release;
		};
		87E93974214B5F4A001DD817 /* Debug */ = {
			isa = XCBuildConfiguration;
			buildSettings = {
				ASSETCATALOG_COMPILER_APPICON_NAME = AppIcon;
				CODE_SIGN_STYLE = Automatic;
				DEVELOPMENT_TEAM = 4TR4MBMJ79;
				INFOPLIST_FILE = LeetCode/Info.plist;
				LD_RUNPATH_SEARCH_PATHS = (
					"$(inherited)",
					"@executable_path/Frameworks",
				);
				PRODUCT_BUNDLE_IDENTIFIER = com.pcwy.LeetCode;
				PRODUCT_NAME = "$(TARGET_NAME)";
				SWIFT_VERSION = 4.0;
				TARGETED_DEVICE_FAMILY = "1,2";
			};
			name = Debug;
		};
		87E93975214B5F4A001DD817 /* Release */ = {
			isa = XCBuildConfiguration;
			buildSettings = {
				ASSETCATALOG_COMPILER_APPICON_NAME = AppIcon;
				CODE_SIGN_STYLE = Automatic;
				DEVELOPMENT_TEAM = 4TR4MBMJ79;
				INFOPLIST_FILE = LeetCode/Info.plist;
				LD_RUNPATH_SEARCH_PATHS = (
					"$(inherited)",
					"@executable_path/Frameworks",
				);
				PRODUCT_BUNDLE_IDENTIFIER = com.pcwy.LeetCode;
				PRODUCT_NAME = "$(TARGET_NAME)";
				SWIFT_VERSION = 4.0;
				TARGETED_DEVICE_FAMILY = "1,2";
			};
			name = Release;
		};
		87E93977214B5F4A001DD817 /* Debug */ = {
			isa = XCBuildConfiguration;
			buildSettings = {
				ALWAYS_EMBED_SWIFT_STANDARD_LIBRARIES = YES;
				BUNDLE_LOADER = "$(TEST_HOST)";
				CODE_SIGN_STYLE = Automatic;
				DEVELOPMENT_TEAM = 4TR4MBMJ79;
				INFOPLIST_FILE = LeetCodeTests/Info.plist;
				LD_RUNPATH_SEARCH_PATHS = (
					"$(inherited)",
					"@executable_path/Frameworks",
					"@loader_path/Frameworks",
				);
				PRODUCT_BUNDLE_IDENTIFIER = com.pcwy.LeetCodeTests;
				PRODUCT_NAME = "$(TARGET_NAME)";
				SWIFT_VERSION = 4.0;
				TARGETED_DEVICE_FAMILY = "1,2";
				TEST_HOST = "$(BUILT_PRODUCTS_DIR)/LeetCode.app/LeetCode";
			};
			name = Debug;
		};
		87E93978214B5F4A001DD817 /* Release */ = {
			isa = XCBuildConfiguration;
			buildSettings = {
				ALWAYS_EMBED_SWIFT_STANDARD_LIBRARIES = YES;
				BUNDLE_LOADER = "$(TEST_HOST)";
				CODE_SIGN_STYLE = Automatic;
				DEVELOPMENT_TEAM = 4TR4MBMJ79;
				INFOPLIST_FILE = LeetCodeTests/Info.plist;
				LD_RUNPATH_SEARCH_PATHS = (
					"$(inherited)",
					"@executable_path/Frameworks",
					"@loader_path/Frameworks",
				);
				PRODUCT_BUNDLE_IDENTIFIER = com.pcwy.LeetCodeTests;
				PRODUCT_NAME = "$(TARGET_NAME)";
				SWIFT_VERSION = 4.0;
				TARGETED_DEVICE_FAMILY = "1,2";
				TEST_HOST = "$(BUILT_PRODUCTS_DIR)/LeetCode.app/LeetCode";
			};
			name = Release;
		};
		87E9397A214B5F4A001DD817 /* Debug */ = {
			isa = XCBuildConfiguration;
			buildSettings = {
				ALWAYS_EMBED_SWIFT_STANDARD_LIBRARIES = YES;
				CODE_SIGN_STYLE = Automatic;
				DEVELOPMENT_TEAM = 4TR4MBMJ79;
				INFOPLIST_FILE = LeetCodeUITests/Info.plist;
				LD_RUNPATH_SEARCH_PATHS = (
					"$(inherited)",
					"@executable_path/Frameworks",
					"@loader_path/Frameworks",
				);
				PRODUCT_BUNDLE_IDENTIFIER = com.pcwy.LeetCodeUITests;
				PRODUCT_NAME = "$(TARGET_NAME)";
				SWIFT_VERSION = 4.0;
				TARGETED_DEVICE_FAMILY = "1,2";
				TEST_TARGET_NAME = LeetCode;
			};
			name = Debug;
		};
		87E9397B214B5F4A001DD817 /* Release */ = {
			isa = XCBuildConfiguration;
			buildSettings = {
				ALWAYS_EMBED_SWIFT_STANDARD_LIBRARIES = YES;
				CODE_SIGN_STYLE = Automatic;
				DEVELOPMENT_TEAM = 4TR4MBMJ79;
				INFOPLIST_FILE = LeetCodeUITests/Info.plist;
				LD_RUNPATH_SEARCH_PATHS = (
					"$(inherited)",
					"@executable_path/Frameworks",
					"@loader_path/Frameworks",
				);
				PRODUCT_BUNDLE_IDENTIFIER = com.pcwy.LeetCodeUITests;
				PRODUCT_NAME = "$(TARGET_NAME)";
				SWIFT_VERSION = 4.0;
				TARGETED_DEVICE_FAMILY = "1,2";
				TEST_TARGET_NAME = LeetCode;
			};
			name = Release;
		};
/* End XCBuildConfiguration section */

/* Begin XCConfigurationList section */
		87E93946214B5F45001DD817 /* Build configuration list for PBXProject "LeetCode" */ = {
			isa = XCConfigurationList;
			buildConfigurations = (
				87E93971214B5F4A001DD817 /* Debug */,
				87E93972214B5F4A001DD817 /* Release */,
			);
			defaultConfigurationIsVisible = 0;
			defaultConfigurationName = Release;
		};
		87E93973214B5F4A001DD817 /* Build configuration list for PBXNativeTarget "LeetCode" */ = {
			isa = XCConfigurationList;
			buildConfigurations = (
				87E93974214B5F4A001DD817 /* Debug */,
				87E93975214B5F4A001DD817 /* Release */,
			);
			defaultConfigurationIsVisible = 0;
			defaultConfigurationName = Release;
		};
		87E93976214B5F4A001DD817 /* Build configuration list for PBXNativeTarget "LeetCodeTests" */ = {
			isa = XCConfigurationList;
			buildConfigurations = (
				87E93977214B5F4A001DD817 /* Debug */,
				87E93978214B5F4A001DD817 /* Release */,
			);
			defaultConfigurationIsVisible = 0;
			defaultConfigurationName = Release;
		};
		87E93979214B5F4A001DD817 /* Build configuration list for PBXNativeTarget "LeetCodeUITests" */ = {
			isa = XCConfigurationList;
			buildConfigurations = (
				87E9397A214B5F4A001DD817 /* Debug */,
				87E9397B214B5F4A001DD817 /* Release */,
			);
			defaultConfigurationIsVisible = 0;
			defaultConfigurationName = Release;
		};
/* End XCConfigurationList section */
	};
	rootObject = 87E93943214B5F45001DD817 /* Project object */;
}
